
Microsoft Visual Studio Solution File, Format Version 12.00
# Visual Studio Version 16
VisualStudioVersion = 16.0.31515.178
MinimumVisualStudioVersion = 10.0.40219.1
Project("{FAE04EC0-301F-11D3-BF4B-00C04F79EFBC}") = "ElnurJUAN", "ElnurJUAN\ElnurJUAN.csproj", "{7764EA27-D9CA-47F9-9B69-83E21C5C462F}"
EndProject
Global
	GlobalSection(SolutionConfigurationPlatforms) = preSolution
		Debug|Any CPU = Debug|Any CPU
		Release|Any CPU = Release|Any CPU
	EndGlobalSection
	GlobalSection(ProjectConfigurationPlatforms) = postSolution
		{7764EA27-D9CA-47F9-9B69-83E21C5C462F}.Debug|Any CPU.ActiveCfg = Debug|Any CPU
		{7764EA27-D9CA-47F9-9B69-83E21C5C462F}.Debug|Any CPU.Build.0 = Debug|Any CPU
		{7764EA27-D9CA-47F9-9B69-83E21C5C462F}.Release|Any CPU.ActiveCfg = Release|Any CPU
		{7764EA27-D9CA-47F9-9B69-83E21C5C462F}.Release|Any CPU.Build.0 = Release|Any CPU
	EndGlobalSection
	GlobalSection(SolutionProperties) = preSolution
		HideSolutionNode = FALSE
	EndGlobalSection
	GlobalSection(ExtensibilityGlobals) = postSolution
		SolutionGuid = {386E38A0-A3A6-43EA-BC7C-78FF8B4D9C60}
	EndGlobalSection
EndGlobal
